{
  "name": "api",
  "version": "1.0.0",
  "lockfileVersion": 1,
  "requires": true,
  "dependencies": {
    "nan": {
      "version": "2.10.0",
      "resolved": "http://registry.npm.taobao.org/nan/download/nan-2.10.0.tgz",
      "integrity": "sha1-ltDNYQ69WNS03pzAxoKM2pnHVI8="
    },
    "node-pty": {
      "version": "0.7.8",
      "resolved": "http://registry.npm.taobao.org/node-pty/download/node-pty-0.7.8.tgz",
      "integrity": "sha1-ntLwH4QmOsyWmCh25zSqdUkL89g=",
      "requires": {
        "nan": "2.10.0"
      }
    }
  }
}
